[root]
name = "pgz"
version = "0.1.0"
dependencies = [
 "flate2 0.2.19 (registry+https://github.com/rust-lang/crates.io-index)",
 "futures 0.1.13 (registry+https://github.com/rust-lang/crates.io-index)",
 "futures-cpupool 0.1.5 (registry+https://github.com/rust-lang/crates.io-index)",
 "num_cpus 1.4.0 (registry+https://github.com/rust-lang/crates.io-index)",
]

[[package]]
name = "flate2"
version = "0.2.19"
source = "registry+https://github.com/rust-lang/crates.io-index"
dependencies = [
 "libc 0.2.22 (registry+https://github.com/rust-lang/crates.io-index)",
 "miniz-sys 0.1.9 (registry+https://github.com/rust-lang/crates.io-index)",
]

[[package]]
name = "futures"
version = "0.1.13"
source = "registry+https://github.com/rust-lang/crates.io-index"

[[package]]
name = "futures-cpupool"
version = "0.1.5"
source = "registry+https://github.com/rust-lang/crates.io-index"
dependencies = [
 "futures 0.1.13 (registry+https://github.com/rust-lang/crates.io-index)",
 "num_cpus 1.4.0 (registry+https://github.com/rust-lang/crates.io-index)",
]

[[package]]
name = "gcc"
version = "0.3.46"
source = "registry+https://github.com/rust-lang/crates.io-index"

[[package]]
name = "libc"
version = "0.2.22"
source = "registry+https://github.com/rust-lang/crates.io-index"

[[package]]
name = "miniz-sys"
version = "0.1.9"
source = "registry+https://github.com/rust-lang/crates.io-index"
dependencies = [
 "gcc 0.3.46 (registry+https://github.com/rust-lang/crates.io-index)",
 "libc 0.2.22 (registry+https://github.com/rust-lang/crates.io-index)",
]

[[package]]
name = "num_cpus"
version = "1.4.0"
source = "registry+https://github.com/rust-lang/crates.io-index"
dependencies = [
 "libc 0.2.22 (registry+https://github.com/rust-lang/crates.io-index)",
]

[metadata]
"checksum flate2 0.2.19 (registry+https://github.com/rust-lang/crates.io-index)" = "36df0166e856739905cd3d7e0b210fe818592211a008862599845e012d8d304c"
"checksum futures 0.1.13 (registry+https://github.com/rust-lang/crates.io-index)" = "55f0008e13fc853f79ea8fc86e931486860d4c4c156cdffb59fa5f7fa833660a"
"checksum futures-cpupool 0.1.5 (registry+https://github.com/rust-lang/crates.io-index)" = "a283c84501e92cade5ea673a2a7ca44f71f209ccdd302a3e0896f50083d2c5ff"
"checksum gcc 0.3.46 (registry+https://github.com/rust-lang/crates.io-index)" = "181e3cebba1d663bd92eb90e2da787e10597e027eb00de8d742b260a7850948f"
"checksum libc 0.2.22 (registry+https://github.com/rust-lang/crates.io-index)" = "babb8281da88cba992fa1f4ddec7d63ed96280a1a53ec9b919fd37b53d71e502"
"checksum miniz-sys 0.1.9 (registry+https://github.com/rust-lang/crates.io-index)" = "28eaee17666671fa872e567547e8428e83308ebe5808cdf6a0e28397dbe2c726"
"checksum num_cpus 1.4.0 (registry+https://github.com/rust-lang/crates.io-index)" = "ca313f1862c7ec3e0dfe8ace9fa91b1d9cb5c84ace3d00f5ec4216238e93c167"
